// !$*UTF8*$!
{
	archiveVersion = 1;
	classes = {
	};
	objectVersion = 77;
	objects = {

/* Begin PBXBuildFile section */
		EA1111112F5SPARKLE00000001 /* Sparkle in Frameworks */ = {isa = PBXBuildFile; productRef = EA1111112F5SPARKLE00000002 /* Sparkle */; };
		EA2222222F5WHISPERKIT00001 /* RunAnywhereWhisperKit in Frameworks */ = {isa = PBXBuildFile; productRef = EA2222222F5WHISPERKIT00002 /* RunAnywhereWhisperKit */; };
		EA3333332F5FLUIDAUDIO0001 /* FluidAudio in Frameworks */ = {isa = PBXBuildFile; productRef = EA3333332F5FLUIDAUDIO0002 /* FluidAudio */; };
		EA7C0DA42F56BE2D00FDFC75 /* RunAnywhere in Frameworks */ = {isa = PBXBuildFile; productRef = EA7C0DA32F56BE2D00FDFC75 /* RunAnywhere */; };
		EA7C0DA82F56BE2D00FDFC75 /* RunAnywhereONNX in Frameworks */ = {isa = PBXBuildFile; productRef = EA7C0DA72F56BE2D00FDFC75 /* RunAnywhereONNX */; };
		EAF6EDDA2F56ACA400DCBE29 /* SocketIO in Frameworks */ = {isa = PBXBuildFile; productRef = EAF6EDD92F56ACA400DCBE29 /* SocketIO */; };
/* End PBXBuildFile section */

/* Begin PBXContainerItemProxy section */
		EATEST010000000000000001 /* PBXContainerItemProxy */ = {
			isa = PBXContainerItemProxy;
			containerPortal = EA7C0B792F54467400484ACB /* Project object */;
			proxyType = 1;
			remoteGlobalIDString = EA7C0B802F54467400484ACB;
			remoteInfo = OpenwebUI;
		};
		EATEST020000000000000001 /* PBXContainerItemProxy */ = {
			isa = PBXContainerItemProxy;
			containerPortal = EA7C0B792F54467400484ACB /* Project object */;
			proxyType = 1;
			remoteGlobalIDString = EA7C0B802F54467400484ACB;
			remoteInfo = OpenwebUI;
		};
/* End PBXContainerItemProxy section */

/* Begin PBXFileReference section */
		EA7C0B812F54467400484ACB /* Oval.app */ = {isa = PBXFileReference; explicitFileType = wrapper.application; includeInIndex = 0; path = Oval.app; sourceTree = BUILT_PRODUCTS_DIR; };
		EATEST010000000000000010 /* OpenwebUITests.xctest */ = {isa = PBXFileReference; explicitFileType = wrapper.cfbundle; includeInIndex = 0; path = OpenwebUITests.xctest; sourceTree = BUILT_PRODUCTS_DIR; };
		EATEST020000000000000010 /* OpenwebUIUITests.xctest */ = {isa = PBXFileReference; explicitFileType = wrapper.cfbundle; includeInIndex = 0; path = OpenwebUIUITests.xctest; sourceTree = BUILT_PRODUCTS_DIR; };
/* End PBXFileReference section */

/* Begin PBXFileSystemSynchronizedRootGroup section */
		EA7C0B832F54467400484ACB /* OpenwebUI */ = {
			isa = PBXFileSystemSynchronizedRootGroup;
			path = OpenwebUI;
			sourceTree = "<group>";
		};
		EATEST010000000000000020 /* OpenwebUITests */ = {
			isa = PBXFileSystemSynchronizedRootGroup;
			path = OpenwebUITests;
			sourceTree = "<group>";
		};
		EATEST020000000000000020 /* OpenwebUIUITests */ = {
			isa = PBXFileSystemSynchronizedRootGroup;
			path = OpenwebUIUITests;
			sourceTree = "<group>";
		};
/* End PBXFileSystemSynchronizedRootGroup section */

/* Begin PBXFrameworksBuildPhase section */
		EA7C0B7E2F54467400484ACB /* Frameworks */ = {
			isa = PBXFrameworksBuildPhase;
			buildActionMask = 2147483647;
			files = (
				EAF6EDDA2F56ACA400DCBE29 /* SocketIO in Frameworks */,
				EA7C0DA82F56BE2D00FDFC75 /* RunAnywhereONNX in Frameworks */,
				EA7C0DA42F56BE2D00FDFC75 /* RunAnywhere in Frameworks */,
				EA2222222F5WHISPERKIT00001 /* RunAnywhereWhisperKit in Frameworks */,
				EA3333332F5FLUIDAUDIO0001 /* FluidAudio in Frameworks */,
				EA1111112F5SPARKLE00000001 /* Sparkle in Frameworks */,
			);
			runOnlyForDeploymentPostprocessing = 0;
		};
		EATEST010000000000000030 /* Frameworks */ = {
			isa = PBXFrameworksBuildPhase;
			buildActionMask = 2147483647;
			files = (
			);
			runOnlyForDeploymentPostprocessing = 0;
		};
		EATEST020000000000000030 /* Frameworks */ = {
			isa = PBXFrameworksBuildPhase;
			buildActionMask = 2147483647;
			files = (
			);
			runOnlyForDeploymentPostprocessing = 0;
		};
/* End PBXFrameworksBuildPhase section */

/* Begin PBXGroup section */
		EA7C0B782F54467400484ACB = {
			isa = PBXGroup;
			children = (
				EA7C0B832F54467400484ACB /* OpenwebUI */,
				EATEST010000000000000020 /* OpenwebUITests */,
				EATEST020000000000000020 /* OpenwebUIUITests */,
				EA7C0B822F54467400484ACB /* Products */,
			);
			sourceTree = "<group>";
		};
		EA7C0B822F54467400484ACB /* Products */ = {
			isa = PBXGroup;
			children = (
				EA7C0B812F54467400484ACB /* Oval.app */,
				EATEST010000000000000010 /* OpenwebUITests.xctest */,
				EATEST020000000000000010 /* OpenwebUIUITests.xctest */,
			);
			name = Products;
			sourceTree = "<group>";
		};
/* End PBXGroup section */

/* Begin PBXNativeTarget section */
		EA7C0B802F54467400484ACB /* OpenwebUI */ = {
			isa = PBXNativeTarget;
			buildConfigurationList = EA7C0B8E2F54467500484ACB /* Build configuration list for PBXNativeTarget "OpenwebUI" */;
			buildPhases = (
				EA7C0B7D2F54467400484ACB /* Sources */,
				EA7C0B7E2F54467400484ACB /* Frameworks */,
				EA7C0B7F2F54467400484ACB /* Resources */,
			);
			buildRules = (
			);
			dependencies = (
			);
			fileSystemSynchronizedGroups = (
				EA7C0B832F54467400484ACB /* OpenwebUI */,
			);
			name = OpenwebUI;
			packageProductDependencies = (
				EAF6EDD92F56ACA400DCBE29 /* SocketIO */,
				EA7C0DA32F56BE2D00FDFC75 /* RunAnywhere */,
				EA7C0DA72F56BE2D00FDFC75 /* RunAnywhereONNX */,
				EA2222222F5WHISPERKIT00002 /* RunAnywhereWhisperKit */,
				EA3333332F5FLUIDAUDIO0002 /* FluidAudio */,
				EA1111112F5SPARKLE00000002 /* Sparkle */,
			);
			productName = OpenwebUI;
			productReference = EA7C0B812F54467400484ACB /* Oval.app */;
			productType = "com.apple.product-type.application";
		};
		EATEST010000000000000040 /* OpenwebUITests */ = {
			isa = PBXNativeTarget;
			buildConfigurationList = EATEST010000000000000080 /* Build configuration list for PBXNativeTarget "OpenwebUITests" */;
			buildPhases = (
				EATEST010000000000000050 /* Sources */,
				EATEST010000000000000030 /* Frameworks */,
				EATEST010000000000000060 /* Resources */,
			);
			buildRules = (
			);
			dependencies = (
				EATEST010000000000000002 /* PBXTargetDependency */,
			);
			fileSystemSynchronizedGroups = (
				EATEST010000000000000020 /* OpenwebUITests */,
			);
			name = OpenwebUITests;
			productName = OpenwebUITests;
			productReference = EATEST010000000000000010 /* OpenwebUITests.xctest */;
			productType = "com.apple.product-type.bundle.unit-test";
		};
		EATEST020000000000000040 /* OpenwebUIUITests */ = {
			isa = PBXNativeTarget;
			buildConfigurationList = EATEST020000000000000080 /* Build configuration list for PBXNativeTarget "OpenwebUIUITests" */;
			buildPhases = (
				EATEST020000000000000050 /* Sources */,
				EATEST020000000000000030 /* Frameworks */,
				EATEST020000000000000060 /* Resources */,
			);
			buildRules = (
			);
			dependencies = (
				EATEST020000000000000002 /* PBXTargetDependency */,
			);
			fileSystemSynchronizedGroups = (
				EATEST020000000000000020 /* OpenwebUIUITests */,
			);
			name = OpenwebUIUITests;
			productName = OpenwebUIUITests;
			productReference = EATEST020000000000000010 /* OpenwebUIUITests.xctest */;
			productType = "com.apple.product-type.bundle.ui-testing";
		};
/* End PBXNativeTarget section */

/* Begin PBXProject section */
		EA7C0B792F54467400484ACB /* Project object */ = {
			isa = PBXProject;
			attributes = {
				BuildIndependentTargetsInParallel = 1;
				LastSwiftUpdateCheck = 2620;
				LastUpgradeCheck = 2620;
				TargetAttributes = {
					EA7C0B802F54467400484ACB = {
						CreatedOnToolsVersion = 26.2;
					};
					EATEST010000000000000040 = {
						CreatedOnToolsVersion = 26.2;
						TestTargetID = EA7C0B802F54467400484ACB;
					};
					EATEST020000000000000040 = {
						CreatedOnToolsVersion = 26.2;
						TestTargetID = EA7C0B802F54467400484ACB;
					};
				};
			};
			buildConfigurationList = EA7C0B7C2F54467400484ACB /* Build configuration list for PBXProject "OpenwebUI" */;
			developmentRegion = en;
			hasScannedForEncodings = 0;
		knownRegions = (
			en,
			Base,
			de,
			fr,
			es,
			it,
			"zh-Hans",
			"zh-Hant",
			ru,
			nl,
			ko,
		);
			mainGroup = EA7C0B782F54467400484ACB;
			minimizedProjectReferenceProxies = 1;
			packageReferences = (
				EAF6EDD82F56ACA400DCBE29 /* XCRemoteSwiftPackageReference "socket" */,
				EA7C0DA22F56BE2D00FDFC75 /* XCRemoteSwiftPackageReference "runanywhere-sdks" */,
				EA1111112F5SPARKLE00000003 /* XCRemoteSwiftPackageReference "Sparkle" */,
				EA3333332F5FLUIDAUDIO0003 /* XCRemoteSwiftPackageReference "FluidAudio" */,
			);
			preferredProjectObjectVersion = 77;
			productRefGroup = EA7C0B822F54467400484ACB /* Products */;
			projectDirPath = "";
			projectRoot = "";
			targets = (
				EA7C0B802F54467400484ACB /* OpenwebUI */,
				EATEST010000000000000040 /* OpenwebUITests */,
				EATEST020000000000000040 /* OpenwebUIUITests */,
			);
		};
/* End PBXProject section */

/* Begin PBXResourcesBuildPhase section */
		EA7C0B7F2F54467400484ACB /* Resources */ = {
			isa = PBXResourcesBuildPhase;
			buildActionMask = 2147483647;
			files = (
			);
			runOnlyForDeploymentPostprocessing = 0;
		};
		EATEST010000000000000060 /* Resources */ = {
			isa = PBXResourcesBuildPhase;
			buildActionMask = 2147483647;
			files = (
			);
			runOnlyForDeploymentPostprocessing = 0;
		};
		EATEST020000000000000060 /* Resources */ = {
			isa = PBXResourcesBuildPhase;
			buildActionMask = 2147483647;
			files = (
			);
			runOnlyForDeploymentPostprocessing = 0;
		};
/* End PBXResourcesBuildPhase section */

/* Begin PBXSourcesBuildPhase section */
		EA7C0B7D2F54467400484ACB /* Sources */ = {
			isa = PBXSourcesBuildPhase;
			buildActionMask = 2147483647;
			files = (
			);
			runOnlyForDeploymentPostprocessing = 0;
		};
		EATEST010000000000000050 /* Sources */ = {
			isa = PBXSourcesBuildPhase;
			buildActionMask = 2147483647;
			files = (
			);
			runOnlyForDeploymentPostprocessing = 0;
		};
		EATEST020000000000000050 /* Sources */ = {
			isa = PBXSourcesBuildPhase;
			buildActionMask = 2147483647;
			files = (
			);
			runOnlyForDeploymentPostprocessing = 0;
		};
/* End PBXSourcesBuildPhase section */

/* Begin PBXTargetDependency section */
		EATEST010000000000000002 /* PBXTargetDependency */ = {
			isa = PBXTargetDependency;
			target = EA7C0B802F54467400484ACB /* OpenwebUI */;
			targetProxy = EATEST010000000000000001 /* PBXContainerItemProxy */;
		};
		EATEST020000000000000002 /* PBXTargetDependency */ = {
			isa = PBXTargetDependency;
			target = EA7C0B802F54467400484ACB /* OpenwebUI */;
			targetProxy = EATEST020000000000000001 /* PBXContainerItemProxy */;
		};
/* End PBXTargetDependency section */

/* Begin XCBuildConfiguration section */
		EA7C0B8C2F54467500484ACB /* Debug */ = {
			isa = XCBuildConfiguration;
			buildSettings = {
				ALWAYS_SEARCH_USER_PATHS = NO;
				ASSETCATALOG_COMPILER_GENERATE_SWIFT_ASSET_SYMBOL_EXTENSIONS = YES;
				CLANG_ANALYZER_NONNULL = YES;
				CLANG_ANALYZER_NUMBER_OBJECT_CONVERSION = YES_AGGRESSIVE;
				CLANG_CXX_LANGUAGE_STANDARD = "gnu++20";
				CLANG_ENABLE_MODULES = YES;
				CLANG_ENABLE_OBJC_ARC = YES;
				CLANG_ENABLE_OBJC_WEAK = YES;
				CLANG_WARN_BLOCK_CAPTURE_AUTORELEASING = YES;
				CLANG_WARN_BOOL_CONVERSION = YES;
				CLANG_WARN_COMMA = YES;
				CLANG_WARN_CONSTANT_CONVERSION = YES;
				CLANG_WARN_DEPRECATED_OBJC_IMPLEMENTATIONS = YES;
				CLANG_WARN_DIRECT_OBJC_ISA_USAGE = YES_ERROR;
				CLANG_WARN_DOCUMENTATION_COMMENTS = YES;
				CLANG_WARN_EMPTY_BODY = YES;
				CLANG_WARN_ENUM_CONVERSION = YES;
				CLANG_WARN_INFINITE_RECURSION = YES;
				CLANG_WARN_INT_CONVERSION = YES;
				CLANG_WARN_NON_LITERAL_NULL_CONVERSION = YES;
				CLANG_WARN_OBJC_IMPLICIT_RETAIN_SELF = YES;
				CLANG_WARN_OBJC_LITERAL_CONVERSION = YES;
				CLANG_WARN_OBJC_ROOT_CLASS = YES_ERROR;
				CLANG_WARN_QUOTED_INCLUDE_IN_FRAMEWORK_HEADER = YES;
				CLANG_WARN_RANGE_LOOP_ANALYSIS = YES;
				CLANG_WARN_STRICT_PROTOTYPES = YES;
				CLANG_WARN_SUSPICIOUS_MOVE = YES;
				CLANG_WARN_UNGUARDED_AVAILABILITY = YES_AGGRESSIVE;
				CLANG_WARN_UNREACHABLE_CODE = YES;
				CLANG_WARN__DUPLICATE_METHOD_MATCH = YES;
				COPY_PHASE_STRIP = NO;
				DEBUG_INFORMATION_FORMAT = dwarf;
				DEVELOPMENT_TEAM = J3LH4H9AA4;
				ENABLE_STRICT_OBJC_MSGSEND = YES;
				ENABLE_TESTABILITY = YES;
				ENABLE_USER_SCRIPT_SANDBOXING = YES;
				GCC_C_LANGUAGE_STANDARD = gnu17;
				GCC_DYNAMIC_NO_PIC = NO;
				GCC_NO_COMMON_BLOCKS = YES;
				GCC_OPTIMIZATION_LEVEL = 0;
				GCC_PREPROCESSOR_DEFINITIONS = (
					"DEBUG=1",
					"$(inherited)",
				);
				GCC_WARN_64_TO_32_BIT_CONVERSION = YES;
				GCC_WARN_ABOUT_RETURN_TYPE = YES_ERROR;
				GCC_WARN_UNDECLARED_SELECTOR = YES;
				GCC_WARN_UNINITIALIZED_AUTOS = YES_AGGRESSIVE;
				GCC_WARN_UNUSED_FUNCTION = YES;
				GCC_WARN_UNUSED_VARIABLE = YES;
				LOCALIZATION_PREFERS_STRING_CATALOGS = YES;
				MACOSX_DEPLOYMENT_TARGET = 26.0;
				MTL_ENABLE_DEBUG_INFO = INCLUDE_SOURCE;
				MTL_FAST_MATH = YES;
				ONLY_ACTIVE_ARCH = YES;
				SDKROOT = macosx;
				SWIFT_ACTIVE_COMPILATION_CONDITIONS = "DEBUG $(inherited)";
				SWIFT_OPTIMIZATION_LEVEL = "-Onone";
			};
			name = Debug;
		};
		EA7C0B8D2F54467500484ACB /* Release */ = {
			isa = XCBuildConfiguration;
			buildSettings = {
				ALWAYS_SEARCH_USER_PATHS = NO;
				ASSETCATALOG_COMPILER_GENERATE_SWIFT_ASSET_SYMBOL_EXTENSIONS = YES;
				CLANG_ANALYZER_NONNULL = YES;
				CLANG_ANALYZER_NUMBER_OBJECT_CONVERSION = YES_AGGRESSIVE;
				CLANG_CXX_LANGUAGE_STANDARD = "gnu++20";
				CLANG_ENABLE_MODULES = YES;
				CLANG_ENABLE_OBJC_ARC = YES;
				CLANG_ENABLE_OBJC_WEAK = YES;
				CLANG_WARN_BLOCK_CAPTURE_AUTORELEASING = YES;
				CLANG_WARN_BOOL_CONVERSION = YES;
				CLANG_WARN_COMMA = YES;
				CLANG_WARN_CONSTANT_CONVERSION = YES;
				CLANG_WARN_DEPRECATED_OBJC_IMPLEMENTATIONS = YES;
				CLANG_WARN_DIRECT_OBJC_ISA_USAGE = YES_ERROR;
				CLANG_WARN_DOCUMENTATION_COMMENTS = YES;
				CLANG_WARN_EMPTY_BODY = YES;
				CLANG_WARN_ENUM_CONVERSION = YES;
				CLANG_WARN_INFINITE_RECURSION = YES;
				CLANG_WARN_INT_CONVERSION = YES;
				CLANG_WARN_NON_LITERAL_NULL_CONVERSION = YES;
				CLANG_WARN_OBJC_IMPLICIT_RETAIN_SELF = YES;
				CLANG_WARN_OBJC_LITERAL_CONVERSION = YES;
				CLANG_WARN_OBJC_ROOT_CLASS = YES_ERROR;
				CLANG_WARN_QUOTED_INCLUDE_IN_FRAMEWORK_HEADER = YES;
				CLANG_WARN_RANGE_LOOP_ANALYSIS = YES;
				CLANG_WARN_STRICT_PROTOTYPES = YES;
				CLANG_WARN_SUSPICIOUS_MOVE = YES;
				CLANG_WARN_UNGUARDED_AVAILABILITY = YES_AGGRESSIVE;
				CLANG_WARN_UNREACHABLE_CODE = YES;
				CLANG_WARN__DUPLICATE_METHOD_MATCH = YES;
				COPY_PHASE_STRIP = NO;
				DEBUG_INFORMATION_FORMAT = "dwarf-with-dsym";
				DEVELOPMENT_TEAM = J3LH4H9AA4;
				ENABLE_NS_ASSERTIONS = NO;
				ENABLE_STRICT_OBJC_MSGSEND = YES;
				ENABLE_USER_SCRIPT_SANDBOXING = YES;
				GCC_C_LANGUAGE_STANDARD = gnu17;
				GCC_NO_COMMON_BLOCKS = YES;
				GCC_WARN_64_TO_32_BIT_CONVERSION = YES;
				GCC_WARN_ABOUT_RETURN_TYPE = YES_ERROR;
				GCC_WARN_UNDECLARED_SELECTOR = YES;
				GCC_WARN_UNINITIALIZED_AUTOS = YES_AGGRESSIVE;
				GCC_WARN_UNUSED_FUNCTION = YES;
				GCC_WARN_UNUSED_VARIABLE = YES;
				LOCALIZATION_PREFERS_STRING_CATALOGS = YES;
				MACOSX_DEPLOYMENT_TARGET = 26.0;
				MTL_ENABLE_DEBUG_INFO = NO;
				MTL_FAST_MATH = YES;
				SDKROOT = macosx;
				SWIFT_COMPILATION_MODE = wholemodule;
			};
			name = Release;
		};
		EA7C0B8F2F54467500484ACB /* Debug */ = {
			isa = XCBuildConfiguration;
			buildSettings = {
				ASSETCATALOG_COMPILER_APPICON_NAME = oval;
				ASSETCATALOG_COMPILER_GLOBAL_ACCENT_COLOR_NAME = AccentColor;
				ASSETCATALOG_COMPILER_INCLUDE_ALL_APPICON_ASSETS = YES;
				CODE_SIGN_ENTITLEMENTS = OpenwebUI/OpenwebUI.entitlements;
				CODE_SIGN_STYLE = Automatic;
				COMBINE_HIDPI_IMAGES = YES;
				CURRENT_PROJECT_VERSION = 7;
				DEVELOPMENT_TEAM = J3LH4H9AA4;
				ENABLE_APP_SANDBOX = YES;
				ENABLE_HARDENED_RUNTIME = YES;
				ENABLE_OUTGOING_NETWORK_CONNECTIONS = YES;
				ENABLE_PREVIEWS = YES;
				ENABLE_USER_SELECTED_FILES = readonly;
				GENERATE_INFOPLIST_FILE = YES;
				INFOPLIST_FILE = OpenwebUI/Info.plist;
				INFOPLIST_KEY_CFBundleDisplayName = Oval;
				INFOPLIST_KEY_CFBundleName = Oval;
				INFOPLIST_KEY_LSApplicationCategoryType = "public.app-category.utilities";
				INFOPLIST_KEY_NSHumanReadableCopyright = "Copyright © 2025 Shreyas Papinwar. All rights reserved.";
				INFOPLIST_KEY_NSMicrophoneUsageDescription = "Oval needs access to your microphone for speech-to-text input.";
				INFOPLIST_KEY_NSSpeechRecognitionUsageDescription = "Oval uses speech recognition to transcribe your voice into text.";
				LD_RUNPATH_SEARCH_PATHS = (
					"$(inherited)",
					"@executable_path/../Frameworks",
				);
				MARKETING_VERSION = 1.5.1;
				PRODUCT_BUNDLE_IDENTIFIER = com.shreyas.oval;
				PRODUCT_NAME = Oval;
				REGISTER_APP_GROUPS = YES;
				STRING_CATALOG_GENERATE_SYMBOLS = YES;
				SWIFT_APPROACHABLE_CONCURRENCY = YES;
				SWIFT_DEFAULT_ACTOR_ISOLATION = MainActor;
				SWIFT_EMIT_LOC_STRINGS = YES;
				SWIFT_UPCOMING_FEATURE_MEMBER_IMPORT_VISIBILITY = YES;
				SWIFT_VERSION = 5.0;
			};
			name = Debug;
		};
		EA7C0B902F54467500484ACB /* Release */ = {
			isa = XCBuildConfiguration;
			buildSettings = {
				ASSETCATALOG_COMPILER_APPICON_NAME = oval;
				ASSETCATALOG_COMPILER_GLOBAL_ACCENT_COLOR_NAME = AccentColor;
				ASSETCATALOG_COMPILER_INCLUDE_ALL_APPICON_ASSETS = YES;
				CODE_SIGN_ENTITLEMENTS = OpenwebUI/OpenwebUI.entitlements;
				CODE_SIGN_STYLE = Automatic;
				COMBINE_HIDPI_IMAGES = YES;
				CURRENT_PROJECT_VERSION = 7;
				DEVELOPMENT_TEAM = J3LH4H9AA4;
				ENABLE_APP_SANDBOX = YES;
				ENABLE_HARDENED_RUNTIME = YES;
				ENABLE_OUTGOING_NETWORK_CONNECTIONS = YES;
				ENABLE_PREVIEWS = YES;
				ENABLE_USER_SELECTED_FILES = readonly;
				GENERATE_INFOPLIST_FILE = YES;
				INFOPLIST_FILE = OpenwebUI/Info.plist;
				INFOPLIST_KEY_CFBundleDisplayName = Oval;
				INFOPLIST_KEY_CFBundleName = Oval;
				INFOPLIST_KEY_LSApplicationCategoryType = "public.app-category.utilities";
				INFOPLIST_KEY_NSHumanReadableCopyright = "Copyright © 2025 Shreyas Papinwar. All rights reserved.";
				INFOPLIST_KEY_NSMicrophoneUsageDescription = "Oval needs access to your microphone for speech-to-text input.";
				INFOPLIST_KEY_NSSpeechRecognitionUsageDescription = "Oval uses speech recognition to transcribe your voice into text.";
				LD_RUNPATH_SEARCH_PATHS = (
					"$(inherited)",
					"@executable_path/../Frameworks",
				);
				MARKETING_VERSION = 1.5.1;
				PRODUCT_BUNDLE_IDENTIFIER = com.shreyas.oval;
				PRODUCT_NAME = Oval;
				REGISTER_APP_GROUPS = YES;
				STRING_CATALOG_GENERATE_SYMBOLS = YES;
				SWIFT_APPROACHABLE_CONCURRENCY = YES;
				SWIFT_DEFAULT_ACTOR_ISOLATION = MainActor;
				SWIFT_EMIT_LOC_STRINGS = YES;
				SWIFT_UPCOMING_FEATURE_MEMBER_IMPORT_VISIBILITY = YES;
				SWIFT_VERSION = 5.0;
			};
			name = Release;
		};
		EATEST010000000000000091 /* Debug */ = {
			isa = XCBuildConfiguration;
			buildSettings = {
				BUNDLE_LOADER = "$(TEST_HOST)";
				CODE_SIGN_STYLE = Automatic;
				CURRENT_PROJECT_VERSION = 1;
				DEVELOPMENT_TEAM = J3LH4H9AA4;
				GENERATE_INFOPLIST_FILE = YES;
				MACOSX_DEPLOYMENT_TARGET = 26.0;
				MARKETING_VERSION = 1.0;
				PRODUCT_BUNDLE_IDENTIFIER = com.shreyas.oval.tests;
				PRODUCT_NAME = "$(TARGET_NAME)";
				SWIFT_APPROACHABLE_CONCURRENCY = YES;
				SWIFT_DEFAULT_ACTOR_ISOLATION = MainActor;
				SWIFT_EMIT_LOC_STRINGS = NO;
				SWIFT_VERSION = 5.0;
				TEST_HOST = "$(BUILT_PRODUCTS_DIR)/Oval.app/$(BUNDLE_EXECUTABLE_FOLDER_PATH)/Oval";
			};
			name = Debug;
		};
		EATEST010000000000000092 /* Release */ = {
			isa = XCBuildConfiguration;
			buildSettings = {
				BUNDLE_LOADER = "$(TEST_HOST)";
				CODE_SIGN_STYLE = Automatic;
				CURRENT_PROJECT_VERSION = 1;
				DEVELOPMENT_TEAM = J3LH4H9AA4;
				GENERATE_INFOPLIST_FILE = YES;
				MACOSX_DEPLOYMENT_TARGET = 26.0;
				MARKETING_VERSION = 1.0;
				PRODUCT_BUNDLE_IDENTIFIER = com.shreyas.oval.tests;
				PRODUCT_NAME = "$(TARGET_NAME)";
				SWIFT_APPROACHABLE_CONCURRENCY = YES;
				SWIFT_DEFAULT_ACTOR_ISOLATION = MainActor;
				SWIFT_EMIT_LOC_STRINGS = NO;
				SWIFT_VERSION = 5.0;
				TEST_HOST = "$(BUILT_PRODUCTS_DIR)/Oval.app/$(BUNDLE_EXECUTABLE_FOLDER_PATH)/Oval";
			};
			name = Release;
		};
		EATEST020000000000000091 /* Debug */ = {
			isa = XCBuildConfiguration;
			buildSettings = {
				CODE_SIGN_STYLE = Automatic;
				CURRENT_PROJECT_VERSION = 1;
				DEVELOPMENT_TEAM = J3LH4H9AA4;
				GENERATE_INFOPLIST_FILE = YES;
				MACOSX_DEPLOYMENT_TARGET = 26.0;
				MARKETING_VERSION = 1.0;
				PRODUCT_BUNDLE_IDENTIFIER = com.shreyas.oval.uitests;
				PRODUCT_NAME = "$(TARGET_NAME)";
				SWIFT_APPROACHABLE_CONCURRENCY = YES;
				SWIFT_DEFAULT_ACTOR_ISOLATION = MainActor;
				SWIFT_EMIT_LOC_STRINGS = NO;
				SWIFT_VERSION = 5.0;
				TEST_TARGET_NAME = OpenwebUI;
			};
			name = Debug;
		};
		EATEST020000000000000092 /* Release */ = {
			isa = XCBuildConfiguration;
			buildSettings = {
				CODE_SIGN_STYLE = Automatic;
				CURRENT_PROJECT_VERSION = 1;
				DEVELOPMENT_TEAM = J3LH4H9AA4;
				GENERATE_INFOPLIST_FILE = YES;
				MACOSX_DEPLOYMENT_TARGET = 26.0;
				MARKETING_VERSION = 1.0;
				PRODUCT_BUNDLE_IDENTIFIER = com.shreyas.oval.uitests;
				PRODUCT_NAME = "$(TARGET_NAME)";
				SWIFT_APPROACHABLE_CONCURRENCY = YES;
				SWIFT_DEFAULT_ACTOR_ISOLATION = MainActor;
				SWIFT_EMIT_LOC_STRINGS = NO;
				SWIFT_VERSION = 5.0;
				TEST_TARGET_NAME = OpenwebUI;
			};
			name = Release;
		};
/* End XCBuildConfiguration section */

/* Begin XCConfigurationList section */
		EA7C0B7C2F54467400484ACB /* Build configuration list for PBXProject "OpenwebUI" */ = {
			isa = XCConfigurationList;
			buildConfigurations = (
				EA7C0B8C2F54467500484ACB /* Debug */,
				EA7C0B8D2F54467500484ACB /* Release */,
			);
			defaultConfigurationIsVisible = 0;
			defaultConfigurationName = Release;
		};
		EA7C0B8E2F54467500484ACB /* Build configuration list for PBXNativeTarget "OpenwebUI" */ = {
			isa = XCConfigurationList;
			buildConfigurations = (
				EA7C0B8F2F54467500484ACB /* Debug */,
				EA7C0B902F54467500484ACB /* Release */,
			);
			defaultConfigurationIsVisible = 0;
			defaultConfigurationName = Release;
		};
		EATEST010000000000000080 /* Build configuration list for PBXNativeTarget "OpenwebUITests" */ = {
			isa = XCConfigurationList;
			buildConfigurations = (
				EATEST010000000000000091 /* Debug */,
				EATEST010000000000000092 /* Release */,
			);
			defaultConfigurationIsVisible = 0;
			defaultConfigurationName = Release;
		};
		EATEST020000000000000080 /* Build configuration list for PBXNativeTarget "OpenwebUIUITests" */ = {
			isa = XCConfigurationList;
			buildConfigurations = (
				EATEST020000000000000091 /* Debug */,
				EATEST020000000000000092 /* Release */,
			);
			defaultConfigurationIsVisible = 0;
			defaultConfigurationName = Release;
		};
/* End XCConfigurationList section */

/* Begin XCRemoteSwiftPackageReference section */
		EA1111112F5SPARKLE00000003 /* XCRemoteSwiftPackageReference "Sparkle" */ = {
			isa = XCRemoteSwiftPackageReference;
			repositoryURL = "https://github.com/sparkle-project/Sparkle";
			requirement = {
				kind = upToNextMajorVersion;
				minimumVersion = 2.7.0;
			};
		};
		EA7C0DA22F56BE2D00FDFC75 /* XCRemoteSwiftPackageReference "runanywhere-sdks" */ = {
			isa = XCRemoteSwiftPackageReference;
			repositoryURL = "https://github.com/RunanywhereAI/runanywhere-sdks";
			requirement = {
				branch = main;
				kind = branch;
			};
		};
		EAF6EDD82F56ACA400DCBE29 /* XCRemoteSwiftPackageReference "socket" */ = {
			isa = XCRemoteSwiftPackageReference;
			repositoryURL = "https://github.com/socketio/socket.io-client-swift";
			requirement = {
				branch = master;
				kind = branch;
			};
		};
		EA3333332F5FLUIDAUDIO0003 /* XCRemoteSwiftPackageReference "FluidAudio" */ = {
			isa = XCRemoteSwiftPackageReference;
			repositoryURL = "https://github.com/FluidInference/FluidAudio.git";
			requirement = {
				kind = upToNextMajorVersion;
				minimumVersion = 0.7.9;
			};
		};
/* End XCRemoteSwiftPackageReference section */

/* Begin XCSwiftPackageProductDependency section */
		EA1111112F5SPARKLE00000002 /* Sparkle */ = {
			isa = XCSwiftPackageProductDependency;
			package = EA1111112F5SPARKLE00000003 /* XCRemoteSwiftPackageReference "Sparkle" */;
			productName = Sparkle;
		};
		EA7C0DA32F56BE2D00FDFC75 /* RunAnywhere */ = {
			isa = XCSwiftPackageProductDependency;
			package = EA7C0DA22F56BE2D00FDFC75 /* XCRemoteSwiftPackageReference "runanywhere-sdks" */;
			productName = RunAnywhere;
		};
		EA7C0DA72F56BE2D00FDFC75 /* RunAnywhereONNX */ = {
			isa = XCSwiftPackageProductDependency;
			package = EA7C0DA22F56BE2D00FDFC75 /* XCRemoteSwiftPackageReference "runanywhere-sdks" */;
			productName = RunAnywhereONNX;
		};
		EA2222222F5WHISPERKIT00002 /* RunAnywhereWhisperKit */ = {
			isa = XCSwiftPackageProductDependency;
			package = EA7C0DA22F56BE2D00FDFC75 /* XCRemoteSwiftPackageReference "runanywhere-sdks" */;
			productName = RunAnywhereWhisperKit;
		};
		EA3333332F5FLUIDAUDIO0002 /* FluidAudio */ = {
			isa = XCSwiftPackageProductDependency;
			package = EA3333332F5FLUIDAUDIO0003 /* XCRemoteSwiftPackageReference "FluidAudio" */;
			productName = FluidAudio;
		};
		EAF6EDD92F56ACA400DCBE29 /* SocketIO */ = {
			isa = XCSwiftPackageProductDependency;
			package = EAF6EDD82F56ACA400DCBE29 /* XCRemoteSwiftPackageReference "socket" */;
			productName = SocketIO;
		};
/* End XCSwiftPackageProductDependency section */
	};
	rootObject = EA7C0B792F54467400484ACB /* Project object */;
}
